{
  "name": "webapp",
  "version": "1.0.0",
  "lockfileVersion": 1,
  "requires": true,
  "dependencies": {
    "@uirouter/angularjs": {
      "version": "1.0.12",
      "resolved": "https://registry.npmjs.org/@uirouter/angularjs/-/angularjs-1.0.12.tgz",
      "integrity": "sha512-HFOgeunQdMyloWa6mBKVdyq98w09ZjLbY7xAN1RAg4b7Fyfd9qmdW8E14pAUb6BWvAXCYfKstt+03tMNfx8fKg==",
      "requires": {
        "@uirouter/core": "5.0.13"
      }
    },
    "@uirouter/core": {
      "version": "5.0.13",
      "resolved": "https://registry.npmjs.org/@uirouter/core/-/core-5.0.13.tgz",
      "integrity": "sha512-/kC/47ag9uwouGXAgxpRe9j63QbkShddLgowXKifQVwtICfKBMquDe/3nFIPi+k6M9+1LEcRQ29EWGJo4ZoR2g=="
    },
    "angular": {
      "version": "1.6.8",
      "resolved": "https://registry.npmjs.org/angular/-/angular-1.6.8.tgz",
      "integrity": "sha512-9WErZIOw1Cu1V5Yxdvxz/6YpND8ntdP71fdPpufPFJvZodZXqCjQBYrHqEoMZreO5i84O3D/Jw/vepoFt68Azw=="
    },
    "angular-animate": {
      "version": "1.6.8",
      "resolved": "https://registry.npmjs.org/angular-animate/-/angular-animate-1.6.8.tgz",
      "integrity": "sha512-zKaq9vtJ+QPV6q159mJkb6uKa3SiTe0PXj+W9WO3cDhLly8LuQHYRteAAD3/SqlS7GMq2SFlJvs7VQduPJpUQw=="
    },
    "angular-aria": {
      "version": "1.6.8",
      "resolved": "https://registry.npmjs.org/angular-aria/-/angular-aria-1.6.8.tgz",
      "integrity": "sha512-pJ24MO23zJXBmJ0X/0jkz0DtWthXTahwe4oLCrrbT6Jxtspf+FCYNTkBeC1c3fv+CNGal69NRUUMuujuRyqzeg=="
    },
    "angular-fixed-table-header": {
      "version": "0.2.1",
      "resolved": "https://registry.npmjs.org/angular-fixed-table-header/-/angular-fixed-table-header-0.2.1.tgz",
      "integrity": "sha1-IypxTwohWKdd3DH8cvvVkjeVQY0=",
      "requires": {
        "angular": "1.6.8"
      }
    },
    "angular-lodash": {
      "version": "0.1.1",
      "resolved": "https://registry.npmjs.org/angular-lodash/-/angular-lodash-0.1.1.tgz",
      "integrity": "sha1-kzr2L1x89F3khJP+WzUW7hm6P4c="
    },
    "angular-material": {
      "version": "1.1.5",
      "resolved": "https://registry.npmjs.org/angular-material/-/angular-material-1.1.5.tgz",
      "integrity": "sha1-pUUM2CBeFadpHtw4lHYJTPhtWSs="
    },
    "angular-material-data-table": {
      "version": "0.10.10",
      "resolved": "https://registry.npmjs.org/angular-material-data-table/-/angular-material-data-table-0.10.10.tgz",
      "integrity": "sha1-IptAJ0XsGhRvB9qNHlJr5lQISe4="
    },
    "graceful-fs": {
      "version": "4.1.11",
      "resolved": "https://registry.npmjs.org/graceful-fs/-/graceful-fs-4.1.11.tgz",
      "integrity": "sha1-Dovf5NHduIVNZOBOp8AOKgJuVlg=",
      "optional": true
    },
    "http": {
      "version": "0.0.0",
      "resolved": "https://registry.npmjs.org/http/-/http-0.0.0.tgz",
      "integrity": "sha1-huYybSnF0Dnen6xYSkVon5KfT3I="
    },
    "jsonfile": {
      "version": "4.0.0",
      "resolved": "https://registry.npmjs.org/jsonfile/-/jsonfile-4.0.0.tgz",
      "integrity": "sha1-h3Gq4HmbZAdrdmQPygWPnBDjPss=",
      "requires": {
        "graceful-fs": "4.1.11"
      }
    },
    "lodash": {
      "version": "4.17.4",
      "resolved": "https://registry.npmjs.org/lodash/-/lodash-4.17.4.tgz",
      "integrity": "sha1-eCA6TRwyiuHYbcpkYONptX9AVa4="
    }
  }
}
